
Microsoft Visual Studio Solution File, Format Version 12.00
# Visual Studio Version 16
VisualStudioVersion = 16.0.30804.86
MinimumVisualStudioVersion = 10.0.40219.1
Project("{FAE04EC0-301F-11D3-BF4B-00C04F79EFBC}") = "BunnyCDN.TokenAuthentication", "BunnyCDN.TokenAuthentication\BunnyCDN.TokenAuthentication.csproj", "{9110090C-82AF-43A0-8CBD-10E790AD9E8D}"
EndProject
Project("{FAE04EC0-301F-11D3-BF4B-00C04F79EFBC}") = "BunnyCDN.TokenAuthentication.Tests", "BunnyCDN.TokenAuthentication.Tests\BunnyCDN.TokenAuthentication.Tests.csproj", "{31FC0165-4028-4B35-AFDB-DDF18E640D0B}"
EndProject
Global
	GlobalSection(SolutionConfigurationPlatforms) = preSolution
		Debug|Any CPU = Debug|Any CPU
		Release|Any CPU = Release|Any CPU
	EndGlobalSection
	GlobalSection(ProjectConfigurationPlatforms) = postSolution
		{9110090C-82AF-43A0-8CBD-10E790AD9E8D}.Debug|Any CPU.ActiveCfg = Debug|Any CPU
		{9110090C-82AF-43A0-8CBD-10E790AD9E8D}.Debug|Any CPU.Build.0 = Debug|Any CPU
		{9110090C-82AF-43A0-8CBD-10E790AD9E8D}.Release|Any CPU.ActiveCfg = Release|Any CPU
		{9110090C-82AF-43A0-8CBD-10E790AD9E8D}.Release|Any CPU.Build.0 = Release|Any CPU
		{31FC0165-4028-4B35-AFDB-DDF18E640D0B}.Debug|Any CPU.ActiveCfg = Debug|Any CPU
		{31FC0165-4028-4B35-AFDB-DDF18E640D0B}.Debug|Any CPU.Build.0 = Debug|Any CPU
		{31FC0165-4028-4B35-AFDB-DDF18E640D0B}.Release|Any CPU.ActiveCfg = Release|Any CPU
		{31FC0165-4028-4B35-AFDB-DDF18E640D0B}.Release|Any CPU.Build.0 = Release|Any CPU
	EndGlobalSection
	GlobalSection(SolutionProperties) = preSolution
		HideSolutionNode = FALSE
	EndGlobalSection
	GlobalSection(ExtensibilityGlobals) = postSolution
		SolutionGuid = {5C2F8088-B562-4234-89C9-1516E840DBE2}
	EndGlobalSection
EndGlobal
